
Microsoft Visual Studio Solution File, Format Version 12.00
# Visual Studio Version 16
VisualStudioVersion = 16.0.33328.57
MinimumVisualStudioVersion = 10.0.40219.1
Project("{FAE04EC0-301F-11D3-BF4B-00C04F79EFBC}") = "sistemaEmprestimoBiblioteca", "sistemaEmprestimoBiblioteca.csproj", "{911D133C-99A6-44C7-A007-DCE47EBD3D8D}"
EndProject
Global
	GlobalSection(SolutionConfigurationPlatforms) = preSolution
		Debug|Any CPU = Debug|Any CPU
		Release|Any CPU = Release|Any CPU
	EndGlobalSection
	GlobalSection(ProjectConfigurationPlatforms) = postSolution
		{911D133C-99A6-44C7-A007-DCE47EBD3D8D}.Debug|Any CPU.ActiveCfg = Debug|Any CPU
		{911D133C-99A6-44C7-A007-DCE47EBD3D8D}.Debug|Any CPU.Build.0 = Debug|Any CPU
		{911D133C-99A6-44C7-A007-DCE47EBD3D8D}.Release|Any CPU.ActiveCfg = Release|Any CPU
		{911D133C-99A6-44C7-A007-DCE47EBD3D8D}.Release|Any CPU.Build.0 = Release|Any CPU
	EndGlobalSection
	GlobalSection(SolutionProperties) = preSolution
		HideSolutionNode = FALSE
	EndGlobalSection
	GlobalSection(ExtensibilityGlobals) = postSolution
		SolutionGuid = {8DB7ED18-E857-4156-83D4-EBAB6E288AE4}
	EndGlobalSection
EndGlobal
